// !$*UTF8*$!
{
	archiveVersion = 1;
	classes = {
	};
	objectVersion = 55;
	objects = {

/* Begin PBXBuildFile section */
		4782767D27BCCD5400A77C32 /* UI_466App.swift in Sources */ = {isa = PBXBuildFile; fileRef = 4782767C27BCCD5400A77C32 /* UI_466App.swift */; };
		4782767F27BCCD5400A77C32 /* ContentView.swift in Sources */ = {isa = PBXBuildFile; fileRef = 4782767E27BCCD5400A77C32 /* ContentView.swift */; };
		4782768127BCCD5500A77C32 /* Assets.xcassets in Resources */ = {isa = PBXBuildFile; fileRef = 4782768027BCCD5500A77C32 /* Assets.xcassets */; };
		4782768427BCCD5500A77C32 /* Preview Assets.xcassets in Resources */ = {isa = PBXBuildFile; fileRef = 4782768327BCCD5500A77C32 /* Preview Assets.xcassets */; };
		4782768E27BCCD5500A77C32 /* UI_466Tests.swift in Sources */ = {isa = PBXBuildFile; fileRef = 4782768D27BCCD5500A77C32 /* UI_466Tests.swift */; };
		4782769827BCCD5500A77C32 /* UI_466UITests.swift in Sources */ = {isa = PBXBuildFile; fileRef = 4782769727BCCD5500A77C32 /* UI_466UITests.swift */; };
		4782769A27BCCD5500A77C32 /* UI_466UITestsLaunchTests.swift in Sources */ = {isa = PBXBuildFile; fileRef = 4782769927BCCD5500A77C32 /* UI_466UITestsLaunchTests.swift */; };
		478276A927BCCDA700A77C32 /* Puzzle.swift in Sources */ = {isa = PBXBuildFile; fileRef = 478276A827BCCDA700A77C32 /* Puzzle.swift */; };
		478276AB27BCCE2300A77C32 /* Home.swift in Sources */ = {isa = PBXBuildFile; fileRef = 478276AA27BCCE2300A77C32 /* Home.swift */; };
		478276AD27BCD18200A77C32 /* HoneyComboGridView.swift in Sources */ = {isa = PBXBuildFile; fileRef = 478276AC27BCD18200A77C32 /* HoneyComboGridView.swift */; };
		478276AF27BCDFC700A77C32 /* HoneyComBoView.swift in Sources */ = {isa = PBXBuildFile; fileRef = 478276AE27BCDFC700A77C32 /* HoneyComBoView.swift */; };
/* End PBXBuildFile section */

/* Begin PBXContainerItemProxy section */
		4782768A27BCCD5500A77C32 /* PBXContainerItemProxy */ = {
			isa = PBXContainerItemProxy;
			containerPortal = 4782767127BCCD5400A77C32 /* Project object */;
			proxyType = 1;
			remoteGlobalIDString = 4782767827BCCD5400A77C32;
			remoteInfo = "UI-466";
		};
		4782769427BCCD5500A77C32 /* PBXContainerItemProxy */ = {
			isa = PBXContainerItemProxy;
			containerPortal = 4782767127BCCD5400A77C32 /* Project object */;
			proxyType = 1;
			remoteGlobalIDString = 4782767827BCCD5400A77C32;
			remoteInfo = "UI-466";
		};
/* End PBXContainerItemProxy section */

/* Begin PBXFileReference section */
		4782767927BCCD5400A77C32 /* UI-466.app */ = {isa = PBXFileReference; explicitFileType = wrapper.application; includeInIndex = 0; path = "UI-466.app"; sourceTree = BUILT_PRODUCTS_DIR; };
		4782767C27BCCD5400A77C32 /* UI_466App.swift */ = {isa = PBXFileReference; lastKnownFileType = sourcecode.swift; path = UI_466App.swift; sourceTree = "<group>"; };
		4782767E27BCCD5400A77C32 /* ContentView.swift */ = {isa = PBXFileReference; lastKnownFileType = sourcecode.swift; path = ContentView.swift; sourceTree = "<group>"; };
		4782768027BCCD5500A77C32 /* Assets.xcassets */ = {isa = PBXFileReference; lastKnownFileType = folder.assetcatalog; path = Assets.xcassets; sourceTree = "<group>"; };
		4782768327BCCD5500A77C32 /* Preview Assets.xcassets */ = {isa = PBXFileReference; lastKnownFileType = folder.assetcatalog; path = "Preview Assets.xcassets"; sourceTree = "<group>"; };
		4782768927BCCD5500A77C32 /* UI-466Tests.xctest */ = {isa = PBXFileReference; explicitFileType = wrapper.cfbundle; includeInIndex = 0; path = "UI-466Tests.xctest"; sourceTree = BUILT_PRODUCTS_DIR; };
		4782768D27BCCD5500A77C32 /* UI_466Tests.swift */ = {isa = PBXFileReference; lastKnownFileType = sourcecode.swift; path = UI_466Tests.swift; sourceTree = "<group>"; };
		4782769327BCCD5500A77C32 /* UI-466UITests.xctest */ = {isa = PBXFileReference; explicitFileType = wrapper.cfbundle; includeInIndex = 0; path = "UI-466UITests.xctest"; sourceTree = BUILT_PRODUCTS_DIR; };
		4782769727BCCD5500A77C32 /* UI_466UITests.swift */ = {isa = PBXFileReference; lastKnownFileType = sourcecode.swift; path = UI_466UITests.swift; sourceTree = "<group>"; };
		4782769927BCCD5500A77C32 /* UI_466UITestsLaunchTests.swift */ = {isa = PBXFileReference; lastKnownFileType = sourcecode.swift; path = UI_466UITestsLaunchTests.swift; sourceTree = "<group>"; };
		478276A827BCCDA700A77C32 /* Puzzle.swift */ = {isa = PBXFileReference; lastKnownFileType = sourcecode.swift; path = Puzzle.swift; sourceTree = "<group>"; };
		478276AA27BCCE2300A77C32 /* Home.swift */ = {isa = PBXFileReference; lastKnownFileType = sourcecode.swift; path = Home.swift; sourceTree = "<group>"; };
		478276AC27BCD18200A77C32 /* HoneyComboGridView.swift */ = {isa = PBXFileReference; lastKnownFileType = sourcecode.swift; path = HoneyComboGridView.swift; sourceTree = "<group>"; };
		478276AE27BCDFC700A77C32 /* HoneyComBoView.swift */ = {isa = PBXFileReference; lastKnownFileType = sourcecode.swift; path = HoneyComBoView.swift; sourceTree = "<group>"; };
/* End PBXFileReference section */

/* Begin PBXFrameworksBuildPhase section */
		4782767627BCCD5400A77C32 /* Frameworks */ = {
			isa = PBXFrameworksBuildPhase;
			buildActionMask = 2147483647;
			files = (
			);
			runOnlyForDeploymentPostprocessing = 0;
		};
		4782768627BCCD5500A77C32 /* Frameworks */ = {
			isa = PBXFrameworksBuildPhase;
			buildActionMask = 2147483647;
			files = (
			);
			runOnlyForDeploymentPostprocessing = 0;
		};
		4782769027BCCD5500A77C32 /* Frameworks */ = {
			isa = PBXFrameworksBuildPhase;
			buildActionMask = 2147483647;
			files = (
			);
			runOnlyForDeploymentPostprocessing = 0;
		};
/* End PBXFrameworksBuildPhase section */

/* Begin PBXGroup section */
		4782767027BCCD5400A77C32 = {
			isa = PBXGroup;
			children = (
				4782767B27BCCD5400A77C32 /* UI-466 */,
				4782768C27BCCD5500A77C32 /* UI-466Tests */,
				4782769627BCCD5500A77C32 /* UI-466UITests */,
				4782767A27BCCD5400A77C32 /* Products */,
			);
			sourceTree = "<group>";
		};
		4782767A27BCCD5400A77C32 /* Products */ = {
			isa = PBXGroup;
			children = (
				4782767927BCCD5400A77C32 /* UI-466.app */,
				4782768927BCCD5500A77C32 /* UI-466Tests.xctest */,
				4782769327BCCD5500A77C32 /* UI-466UITests.xctest */,
			);
			name = Products;
			sourceTree = "<group>";
		};
		4782767B27BCCD5400A77C32 /* UI-466 */ = {
			isa = PBXGroup;
			children = (
				478276A727BCCD9C00A77C32 /* Model */,
				478276A627BCCD9700A77C32 /* View */,
				4782767C27BCCD5400A77C32 /* UI_466App.swift */,
				4782767E27BCCD5400A77C32 /* ContentView.swift */,
				4782768027BCCD5500A77C32 /* Assets.xcassets */,
				4782768227BCCD5500A77C32 /* Preview Content */,
			);
			path = "UI-466";
			sourceTree = "<group>";
		};
		4782768227BCCD5500A77C32 /* Preview Content */ = {
			isa = PBXGroup;
			children = (
				4782768327BCCD5500A77C32 /* Preview Assets.xcassets */,
			);
			path = "Preview Content";
			sourceTree = "<group>";
		};
		4782768C27BCCD5500A77C32 /* UI-466Tests */ = {
			isa = PBXGroup;
			children = (
				4782768D27BCCD5500A77C32 /* UI_466Tests.swift */,
			);
			path = "UI-466Tests";
			sourceTree = "<group>";
		};
		4782769627BCCD5500A77C32 /* UI-466UITests */ = {
			isa = PBXGroup;
			children = (
				4782769727BCCD5500A77C32 /* UI_466UITests.swift */,
				4782769927BCCD5500A77C32 /* UI_466UITestsLaunchTests.swift */,
			);
			path = "UI-466UITests";
			sourceTree = "<group>";
		};
		478276A627BCCD9700A77C32 /* View */ = {
			isa = PBXGroup;
			children = (
				478276AA27BCCE2300A77C32 /* Home.swift */,
				478276AC27BCD18200A77C32 /* HoneyComboGridView.swift */,
				478276AE27BCDFC700A77C32 /* HoneyComBoView.swift */,
			);
			path = View;
			sourceTree = "<group>";
		};
		478276A727BCCD9C00A77C32 /* Model */ = {
			isa = PBXGroup;
			children = (
				478276A827BCCDA700A77C32 /* Puzzle.swift */,
			);
			path = Model;
			sourceTree = "<group>";
		};
/* End PBXGroup section */

/* Begin PBXNativeTarget section */
		4782767827BCCD5400A77C32 /* UI-466 */ = {
			isa = PBXNativeTarget;
			buildConfigurationList = 4782769D27BCCD5500A77C32 /* Build configuration list for PBXNativeTarget "UI-466" */;
			buildPhases = (
				4782767527BCCD5400A77C32 /* Sources */,
				4782767627BCCD5400A77C32 /* Frameworks */,
				4782767727BCCD5400A77C32 /* Resources */,
			);
			buildRules = (
			);
			dependencies = (
			);
			name = "UI-466";
			productName = "UI-466";
			productReference = 4782767927BCCD5400A77C32 /* UI-466.app */;
			productType = "com.apple.product-type.application";
		};
		4782768827BCCD5500A77C32 /* UI-466Tests */ = {
			isa = PBXNativeTarget;
			buildConfigurationList = 478276A027BCCD5500A77C32 /* Build configuration list for PBXNativeTarget "UI-466Tests" */;
			buildPhases = (
				4782768527BCCD5500A77C32 /* Sources */,
				4782768627BCCD5500A77C32 /* Frameworks */,
				4782768727BCCD5500A77C32 /* Resources */,
			);
			buildRules = (
			);
			dependencies = (
				4782768B27BCCD5500A77C32 /* PBXTargetDependency */,
			);
			name = "UI-466Tests";
			productName = "UI-466Tests";
			productReference = 4782768927BCCD5500A77C32 /* UI-466Tests.xctest */;
			productType = "com.apple.product-type.bundle.unit-test";
		};
		4782769227BCCD5500A77C32 /* UI-466UITests */ = {
			isa = PBXNativeTarget;
			buildConfigurationList = 478276A327BCCD5500A77C32 /* Build configuration list for PBXNativeTarget "UI-466UITests" */;
			buildPhases = (
				4782768F27BCCD5500A77C32 /* Sources */,
				4782769027BCCD5500A77C32 /* Frameworks */,
				4782769127BCCD5500A77C32 /* Resources */,
			);
			buildRules = (
			);
			dependencies = (
				4782769527BCCD5500A77C32 /* PBXTargetDependency */,
			);
			name = "UI-466UITests";
			productName = "UI-466UITests";
			productReference = 4782769327BCCD5500A77C32 /* UI-466UITests.xctest */;
			productType = "com.apple.product-type.bundle.ui-testing";
		};
/* End PBXNativeTarget section */

/* Begin PBXProject section */
		4782767127BCCD5400A77C32 /* Project object */ = {
			isa = PBXProject;
			attributes = {
				BuildIndependentTargetsInParallel = 1;
				LastSwiftUpdateCheck = 1330;
				LastUpgradeCheck = 1330;
				TargetAttributes = {
					4782767827BCCD5400A77C32 = {
						CreatedOnToolsVersion = 13.3;
					};
					4782768827BCCD5500A77C32 = {
						CreatedOnToolsVersion = 13.3;
						TestTargetID = 4782767827BCCD5400A77C32;
					};
					4782769227BCCD5500A77C32 = {
						CreatedOnToolsVersion = 13.3;
						TestTargetID = 4782767827BCCD5400A77C32;
					};
				};
			};
			buildConfigurationList = 4782767427BCCD5400A77C32 /* Build configuration list for PBXProject "UI-466" */;
			compatibilityVersion = "Xcode 13.0";
			developmentRegion = en;
			hasScannedForEncodings = 0;
			knownRegions = (
				en,
				Base,
			);
			mainGroup = 4782767027BCCD5400A77C32;
			productRefGroup = 4782767A27BCCD5400A77C32 /* Products */;
			projectDirPath = "";
			projectRoot = "";
			targets = (
				4782767827BCCD5400A77C32 /* UI-466 */,
				4782768827BCCD5500A77C32 /* UI-466Tests */,
				4782769227BCCD5500A77C32 /* UI-466UITests */,
			);
		};
/* End PBXProject section */

/* Begin PBXResourcesBuildPhase section */
		4782767727BCCD5400A77C32 /* Resources */ = {
			isa = PBXResourcesBuildPhase;
			buildActionMask = 2147483647;
			files = (
				4782768427BCCD5500A77C32 /* Preview Assets.xcassets in Resources */,
				4782768127BCCD5500A77C32 /* Assets.xcassets in Resources */,
			);
			runOnlyForDeploymentPostprocessing = 0;
		};
		4782768727BCCD5500A77C32 /* Resources */ = {
			isa = PBXResourcesBuildPhase;
			buildActionMask = 2147483647;
			files = (
			);
			runOnlyForDeploymentPostprocessing = 0;
		};
		4782769127BCCD5500A77C32 /* Resources */ = {
			isa = PBXResourcesBuildPhase;
			buildActionMask = 2147483647;
			files = (
			);
			runOnlyForDeploymentPostprocessing = 0;
		};
/* End PBXResourcesBuildPhase section */

/* Begin PBXSourcesBuildPhase section */
		4782767527BCCD5400A77C32 /* Sources */ = {
			isa = PBXSourcesBuildPhase;
			buildActionMask = 2147483647;
			files = (
				478276A927BCCDA700A77C32 /* Puzzle.swift in Sources */,
				478276AD27BCD18200A77C32 /* HoneyComboGridView.swift in Sources */,
				4782767F27BCCD5400A77C32 /* ContentView.swift in Sources */,
				478276AF27BCDFC700A77C32 /* HoneyComBoView.swift in Sources */,
				478276AB27BCCE2300A77C32 /* Home.swift in Sources */,
				4782767D27BCCD5400A77C32 /* UI_466App.swift in Sources */,
			);
			runOnlyForDeploymentPostprocessing = 0;
		};
		4782768527BCCD5500A77C32 /* Sources */ = {
			isa = PBXSourcesBuildPhase;
			buildActionMask = 2147483647;
			files = (
				4782768E27BCCD5500A77C32 /* UI_466Tests.swift in Sources */,
			);
			runOnlyForDeploymentPostprocessing = 0;
		};
		4782768F27BCCD5500A77C32 /* Sources */ = {
			isa = PBXSourcesBuildPhase;
			buildActionMask = 2147483647;
			files = (
				4782769827BCCD5500A77C32 /* UI_466UITests.swift in Sources */,
				4782769A27BCCD5500A77C32 /* UI_466UITestsLaunchTests.swift in Sources */,
			);
			runOnlyForDeploymentPostprocessing = 0;
		};
/* End PBXSourcesBuildPhase section */

/* Begin PBXTargetDependency section */
		4782768B27BCCD5500A77C32 /* PBXTargetDependency */ = {
			isa = PBXTargetDependency;
			target = 4782767827BCCD5400A77C32 /* UI-466 */;
			targetProxy = 4782768A27BCCD5500A77C32 /* PBXContainerItemProxy */;
		};
		4782769527BCCD5500A77C32 /* PBXTargetDependency */ = {
			isa = PBXTargetDependency;
			target = 4782767827BCCD5400A77C32 /* UI-466 */;
			targetProxy = 4782769427BCCD5500A77C32 /* PBXContainerItemProxy */;
		};
/* End PBXTargetDependency section */

/* Begin XCBuildConfiguration section */
		4782769B27BCCD5500A77C32 /* Debug */ = {
			isa = XCBuildConfiguration;
			buildSettings = {
				ALWAYS_SEARCH_USER_PATHS = NO;
				CLANG_ANALYZER_NONNULL = YES;
				CLANG_ANALYZER_NUMBER_OBJECT_CONVERSION = YES_AGGRESSIVE;
				CLANG_CXX_LANGUAGE_STANDARD = "gnu++17";
				CLANG_ENABLE_MODULES = YES;
				CLANG_ENABLE_OBJC_ARC = YES;
				CLANG_ENABLE_OBJC_WEAK = YES;
				CLANG_WARN_BLOCK_CAPTURE_AUTORELEASING = YES;
				CLANG_WARN_BOOL_CONVERSION = YES;
				CLANG_WARN_COMMA = YES;
				CLANG_WARN_CONSTANT_CONVERSION = YES;
				CLANG_WARN_DEPRECATED_OBJC_IMPLEMENTATIONS = YES;
				CLANG_WARN_DIRECT_OBJC_ISA_USAGE = YES_ERROR;
				CLANG_WARN_DOCUMENTATION_COMMENTS = YES;
				CLANG_WARN_EMPTY_BODY = YES;
				CLANG_WARN_ENUM_CONVERSION = YES;
				CLANG_WARN_INFINITE_RECURSION = YES;
				CLANG_WARN_INT_CONVERSION = YES;
				CLANG_WARN_NON_LITERAL_NULL_CONVERSION = YES;
				CLANG_WARN_OBJC_IMPLICIT_RETAIN_SELF = YES;
				CLANG_WARN_OBJC_LITERAL_CONVERSION = YES;
				CLANG_WARN_OBJC_ROOT_CLASS = YES_ERROR;
				CLANG_WARN_QUOTED_INCLUDE_IN_FRAMEWORK_HEADER = YES;
				CLANG_WARN_RANGE_LOOP_ANALYSIS = YES;
				CLANG_WARN_STRICT_PROTOTYPES = YES;
				CLANG_WARN_SUSPICIOUS_MOVE = YES;
				CLANG_WARN_UNGUARDED_AVAILABILITY = YES_AGGRESSIVE;
				CLANG_WARN_UNREACHABLE_CODE = YES;
				CLANG_WARN__DUPLICATE_METHOD_MATCH = YES;
				COPY_PHASE_STRIP = NO;
				DEBUG_INFORMATION_FORMAT = dwarf;
				ENABLE_STRICT_OBJC_MSGSEND = YES;
				ENABLE_TESTABILITY = YES;
				GCC_C_LANGUAGE_STANDARD = gnu11;
				GCC_DYNAMIC_NO_PIC = NO;
				GCC_NO_COMMON_BLOCKS = YES;
				GCC_OPTIMIZATION_LEVEL = 0;
				GCC_PREPROCESSOR_DEFINITIONS = (
					"DEBUG=1",
					"$(inherited)",
				);
				GCC_WARN_64_TO_32_BIT_CONVERSION = YES;
				GCC_WARN_ABOUT_RETURN_TYPE = YES_ERROR;
				GCC_WARN_UNDECLARED_SELECTOR = YES;
				GCC_WARN_UNINITIALIZED_AUTOS = YES_AGGRESSIVE;
				GCC_WARN_UNUSED_FUNCTION = YES;
				GCC_WARN_UNUSED_VARIABLE = YES;
				IPHONEOS_DEPLOYMENT_TARGET = 15.4;
				MTL_ENABLE_DEBUG_INFO = INCLUDE_SOURCE;
				MTL_FAST_MATH = YES;
				ONLY_ACTIVE_ARCH = YES;
				SDKROOT = iphoneos;
				SWIFT_ACTIVE_COMPILATION_CONDITIONS = DEBUG;
				SWIFT_OPTIMIZATION_LEVEL = "-Onone";
			};
			name = Debug;
		};
		4782769C27BCCD5500A77C32 /* Release */ = {
			isa = XCBuildConfiguration;
			buildSettings = {
				ALWAYS_SEARCH_USER_PATHS = NO;
				CLANG_ANALYZER_NONNULL = YES;
				CLANG_ANALYZER_NUMBER_OBJECT_CONVERSION = YES_AGGRESSIVE;
				CLANG_CXX_LANGUAGE_STANDARD = "gnu++17";
				CLANG_ENABLE_MODULES = YES;
				CLANG_ENABLE_OBJC_ARC = YES;
				CLANG_ENABLE_OBJC_WEAK = YES;
				CLANG_WARN_BLOCK_CAPTURE_AUTORELEASING = YES;
				CLANG_WARN_BOOL_CONVERSION = YES;
				CLANG_WARN_COMMA = YES;
				CLANG_WARN_CONSTANT_CONVERSION = YES;
				CLANG_WARN_DEPRECATED_OBJC_IMPLEMENTATIONS = YES;
				CLANG_WARN_DIRECT_OBJC_ISA_USAGE = YES_ERROR;
				CLANG_WARN_DOCUMENTATION_COMMENTS = YES;
				CLANG_WARN_EMPTY_BODY = YES;
				CLANG_WARN_ENUM_CONVERSION = YES;
				CLANG_WARN_INFINITE_RECURSION = YES;
				CLANG_WARN_INT_CONVERSION = YES;
				CLANG_WARN_NON_LITERAL_NULL_CONVERSION = YES;
				CLANG_WARN_OBJC_IMPLICIT_RETAIN_SELF = YES;
				CLANG_WARN_OBJC_LITERAL_CONVERSION = YES;
				CLANG_WARN_OBJC_ROOT_CLASS = YES_ERROR;
				CLANG_WARN_QUOTED_INCLUDE_IN_FRAMEWORK_HEADER = YES;
				CLANG_WARN_RANGE_LOOP_ANALYSIS = YES;
				CLANG_WARN_STRICT_PROTOTYPES = YES;
				CLANG_WARN_SUSPICIOUS_MOVE = YES;
				CLANG_WARN_UNGUARDED_AVAILABILITY = YES_AGGRESSIVE;
				CLANG_WARN_UNREACHABLE_CODE = YES;
				CLANG_WARN__DUPLICATE_METHOD_MATCH = YES;
				COPY_PHASE_STRIP = NO;
				DEBUG_INFORMATION_FORMAT = "dwarf-with-dsym";
				ENABLE_NS_ASSERTIONS = NO;
				ENABLE_STRICT_OBJC_MSGSEND = YES;
				GCC_C_LANGUAGE_STANDARD = gnu11;
				GCC_NO_COMMON_BLOCKS = YES;
				GCC_WARN_64_TO_32_BIT_CONVERSION = YES;
				GCC_WARN_ABOUT_RETURN_TYPE = YES_ERROR;
				GCC_WARN_UNDECLARED_SELECTOR = YES;
				GCC_WARN_UNINITIALIZED_AUTOS = YES_AGGRESSIVE;
				GCC_WARN_UNUSED_FUNCTION = YES;
				GCC_WARN_UNUSED_VARIABLE = YES;
				IPHONEOS_DEPLOYMENT_TARGET = 15.4;
				MTL_ENABLE_DEBUG_INFO = NO;
				MTL_FAST_MATH = YES;
				SDKROOT = iphoneos;
				SWIFT_COMPILATION_MODE = wholemodule;
				SWIFT_OPTIMIZATION_LEVEL = "-O";
				VALIDATE_PRODUCT = YES;
			};
			name = Release;
		};
		4782769E27BCCD5500A77C32 /* Debug */ = {
			isa = XCBuildConfiguration;
			buildSettings = {
				ASSETCATALOG_COMPILER_APPICON_NAME = AppIcon;
				ASSETCATALOG_COMPILER_GLOBAL_ACCENT_COLOR_NAME = AccentColor;
				CODE_SIGN_STYLE = Automatic;
				CURRENT_PROJECT_VERSION = 1;
				DEVELOPMENT_ASSET_PATHS = "\"UI-466/Preview Content\"";
				DEVELOPMENT_TEAM = 8CL4U468K5;
				ENABLE_PREVIEWS = YES;
				GENERATE_INFOPLIST_FILE = YES;
				INFOPLIST_KEY_UIApplicationSceneManifest_Generation = YES;
				INFOPLIST_KEY_UIApplicationSupportsIndirectInputEvents = YES;
				INFOPLIST_KEY_UILaunchScreen_Generation = YES;
				INFOPLIST_KEY_UISupportedInterfaceOrientations_iPad = "UIInterfaceOrientationPortrait UIInterfaceOrientationPortraitUpsideDown UIInterfaceOrientationLandscapeLeft UIInterfaceOrientationLandscapeRight";
				INFOPLIST_KEY_UISupportedInterfaceOrientations_iPhone = "UIInterfaceOrientationPortrait UIInterfaceOrientationLandscapeLeft UIInterfaceOrientationLandscapeRight";
				LD_RUNPATH_SEARCH_PATHS = (
					"$(inherited)",
					"@executable_path/Frameworks",
				);
				MARKETING_VERSION = 1.0;
				PRODUCT_BUNDLE_IDENTIFIER = "com.585.UI-466";
				PRODUCT_NAME = "$(TARGET_NAME)";
				SWIFT_EMIT_LOC_STRINGS = YES;
				SWIFT_VERSION = 5.0;
				TARGETED_DEVICE_FAMILY = "1,2";
			};
			name = Debug;
		};
		4782769F27BCCD5500A77C32 /* Release */ = {
			isa = XCBuildConfiguration;
			buildSettings = {
				ASSETCATALOG_COMPILER_APPICON_NAME = AppIcon;
				ASSETCATALOG_COMPILER_GLOBAL_ACCENT_COLOR_NAME = AccentColor;
				CODE_SIGN_STYLE = Automatic;
				CURRENT_PROJECT_VERSION = 1;
				DEVELOPMENT_ASSET_PATHS = "\"UI-466/Preview Content\"";
				DEVELOPMENT_TEAM = 8CL4U468K5;
				ENABLE_PREVIEWS = YES;
				GENERATE_INFOPLIST_FILE = YES;
				INFOPLIST_KEY_UIApplicationSceneManifest_Generation = YES;
				INFOPLIST_KEY_UIApplicationSupportsIndirectInputEvents = YES;
				INFOPLIST_KEY_UILaunchScreen_Generation = YES;
				INFOPLIST_KEY_UISupportedInterfaceOrientations_iPad = "UIInterfaceOrientationPortrait UIInterfaceOrientationPortraitUpsideDown UIInterfaceOrientationLandscapeLeft UIInterfaceOrientationLandscapeRight";
				INFOPLIST_KEY_UISupportedInterfaceOrientations_iPhone = "UIInterfaceOrientationPortrait UIInterfaceOrientationLandscapeLeft UIInterfaceOrientationLandscapeRight";
				LD_RUNPATH_SEARCH_PATHS = (
					"$(inherited)",
					"@executable_path/Frameworks",
				);
				MARKETING_VERSION = 1.0;
				PRODUCT_BUNDLE_IDENTIFIER = "com.585.UI-466";
				PRODUCT_NAME = "$(TARGET_NAME)";
				SWIFT_EMIT_LOC_STRINGS = YES;
				SWIFT_VERSION = 5.0;
				TARGETED_DEVICE_FAMILY = "1,2";
			};
			name = Release;
		};
		478276A127BCCD5500A77C32 /* Debug */ = {
			isa = XCBuildConfiguration;
			buildSettings = {
				ALWAYS_EMBED_SWIFT_STANDARD_LIBRARIES = YES;
				BUNDLE_LOADER = "$(TEST_HOST)";
				CODE_SIGN_STYLE = Automatic;
				CURRENT_PROJECT_VERSION = 1;
				DEVELOPMENT_TEAM = 8CL4U468K5;
				GENERATE_INFOPLIST_FILE = YES;
				IPHONEOS_DEPLOYMENT_TARGET = 15.4;
				MARKETING_VERSION = 1.0;
				PRODUCT_BUNDLE_IDENTIFIER = "com.585.UI-466Tests";
				PRODUCT_NAME = "$(TARGET_NAME)";
				SWIFT_EMIT_LOC_STRINGS = NO;
				SWIFT_VERSION = 5.0;
				TARGETED_DEVICE_FAMILY = "1,2";
				TEST_HOST = "$(BUILT_PRODUCTS_DIR)/UI-466.app/UI-466";
			};
			name = Debug;
		};
		478276A227BCCD5500A77C32 /* Release */ = {
			isa = XCBuildConfiguration;
			buildSettings = {
				ALWAYS_EMBED_SWIFT_STANDARD_LIBRARIES = YES;
				BUNDLE_LOADER = "$(TEST_HOST)";
				CODE_SIGN_STYLE = Automatic;
				CURRENT_PROJECT_VERSION = 1;
				DEVELOPMENT_TEAM = 8CL4U468K5;
				GENERATE_INFOPLIST_FILE = YES;
				IPHONEOS_DEPLOYMENT_TARGET = 15.4;
				MARKETING_VERSION = 1.0;
				PRODUCT_BUNDLE_IDENTIFIER = "com.585.UI-466Tests";
				PRODUCT_NAME = "$(TARGET_NAME)";
				SWIFT_EMIT_LOC_STRINGS = NO;
				SWIFT_VERSION = 5.0;
				TARGETED_DEVICE_FAMILY = "1,2";
				TEST_HOST = "$(BUILT_PRODUCTS_DIR)/UI-466.app/UI-466";
			};
			name = Release;
		};
		478276A427BCCD5500A77C32 /* Debug */ = {
			isa = XCBuildConfiguration;
			buildSettings = {
				ALWAYS_EMBED_SWIFT_STANDARD_LIBRARIES = YES;
				CODE_SIGN_STYLE = Automatic;
				CURRENT_PROJECT_VERSION = 1;
				DEVELOPMENT_TEAM = 8CL4U468K5;
				GENERATE_INFOPLIST_FILE = YES;
				MARKETING_VERSION = 1.0;
				PRODUCT_BUNDLE_IDENTIFIER = "com.585.UI-466UITests";
				PRODUCT_NAME = "$(TARGET_NAME)";
				SWIFT_EMIT_LOC_STRINGS = NO;
				SWIFT_VERSION = 5.0;
				TARGETED_DEVICE_FAMILY = "1,2";
				TEST_TARGET_NAME = "UI-466";
			};
			name = Debug;
		};
		478276A527BCCD5500A77C32 /* Release */ = {
			isa = XCBuildConfiguration;
			buildSettings = {
				ALWAYS_EMBED_SWIFT_STANDARD_LIBRARIES = YES;
				CODE_SIGN_STYLE = Automatic;
				CURRENT_PROJECT_VERSION = 1;
				DEVELOPMENT_TEAM = 8CL4U468K5;
				GENERATE_INFOPLIST_FILE = YES;
				MARKETING_VERSION = 1.0;
				PRODUCT_BUNDLE_IDENTIFIER = "com.585.UI-466UITests";
				PRODUCT_NAME = "$(TARGET_NAME)";
				SWIFT_EMIT_LOC_STRINGS = NO;
				SWIFT_VERSION = 5.0;
				TARGETED_DEVICE_FAMILY = "1,2";
				TEST_TARGET_NAME = "UI-466";
			};
			name = Release;
		};
/* End XCBuildConfiguration section */

/* Begin XCConfigurationList section */
		4782767427BCCD5400A77C32 /* Build configuration list for PBXProject "UI-466" */ = {
			isa = XCConfigurationList;
			buildConfigurations = (
				4782769B27BCCD5500A77C32 /* Debug */,
				4782769C27BCCD5500A77C32 /* Release */,
			);
			defaultConfigurationIsVisible = 0;
			defaultConfigurationName = Release;
		};
		4782769D27BCCD5500A77C32 /* Build configuration list for PBXNativeTarget "UI-466" */ = {
			isa = XCConfigurationList;
			buildConfigurations = (
				4782769E27BCCD5500A77C32 /* Debug */,
				4782769F27BCCD5500A77C32 /* Release */,
			);
			defaultConfigurationIsVisible = 0;
			defaultConfigurationName = Release;
		};
		478276A027BCCD5500A77C32 /* Build configuration list for PBXNativeTarget "UI-466Tests" */ = {
			isa = XCConfigurationList;
			buildConfigurations = (
				478276A127BCCD5500A77C32 /* Debug */,
				478276A227BCCD5500A77C32 /* Release */,
			);
			defaultConfigurationIsVisible = 0;
			defaultConfigurationName = Release;
		};
		478276A327BCCD5500A77C32 /* Build configuration list for PBXNativeTarget "UI-466UITests" */ = {
			isa = XCConfigurationList;
			buildConfigurations = (
				478276A427BCCD5500A77C32 /* Debug */,
				478276A527BCCD5500A77C32 /* Release */,
			);
			defaultConfigurationIsVisible = 0;
			defaultConfigurationName = Release;
		};
/* End XCConfigurationList section */
	};
	rootObject = 4782767127BCCD5400A77C32 /* Project object */;
}
